// !$*UTF8*$!
{
	archiveVersion = 1;
	classes = {
	};
	objectVersion = 56;
	objects = {

/* Begin PBXBuildFile section */
		E20B975C2B5EDA21005ADF5F /* ClubVote.swift in Sources */ = {isa = PBXBuildFile; fileRef = E20B975B2B5EDA21005ADF5F /* ClubVote.swift */; };
		E25A20F62B5FBF8600525E63 /* MPView.swift in Sources */ = {isa = PBXBuildFile; fileRef = E25A20F52B5FBF8600525E63 /* MPView.swift */; };
		E25A20F82B5FC15C00525E63 /* MP.swift in Sources */ = {isa = PBXBuildFile; fileRef = E25A20F72B5FC15C00525E63 /* MP.swift */; };
		E25A20FA2B5FCCF500525E63 /* ListItem.swift in Sources */ = {isa = PBXBuildFile; fileRef = E25A20F92B5FCCF500525E63 /* ListItem.swift */; };
		E25A20FC2B5FEDB100525E63 /* README.md in Resources */ = {isa = PBXBuildFile; fileRef = E25A20FB2B5FEDB100525E63 /* README.md */; };
		E29E7E2C2B58668B007CB6D9 /* SejmAppApp.swift in Sources */ = {isa = PBXBuildFile; fileRef = E29E7E2B2B58668B007CB6D9 /* SejmAppApp.swift */; };
		E29E7E2E2B58668B007CB6D9 /* ContentView.swift in Sources */ = {isa = PBXBuildFile; fileRef = E29E7E2D2B58668B007CB6D9 /* ContentView.swift */; };
		E29E7E302B58668C007CB6D9 /* Assets.xcassets in Resources */ = {isa = PBXBuildFile; fileRef = E29E7E2F2B58668C007CB6D9 /* Assets.xcassets */; };
		E29E7E332B58668C007CB6D9 /* Preview Assets.xcassets in Resources */ = {isa = PBXBuildFile; fileRef = E29E7E322B58668C007CB6D9 /* Preview Assets.xcassets */; };
		E29E7E3F2B586814007CB6D9 /* PrintsView.swift in Sources */ = {isa = PBXBuildFile; fileRef = E29E7E3E2B586814007CB6D9 /* PrintsView.swift */; };
		E29E7E442B586D57007CB6D9 /* Print.swift in Sources */ = {isa = PBXBuildFile; fileRef = E29E7E432B586D57007CB6D9 /* Print.swift */; };
		E29E7E482B5877D4007CB6D9 /* CustomPDFView.swift in Sources */ = {isa = PBXBuildFile; fileRef = E29E7E472B5877D4007CB6D9 /* CustomPDFView.swift */; };
		E29E7E4A2B587B6B007CB6D9 /* Localizable.xcstrings in Resources */ = {isa = PBXBuildFile; fileRef = E29E7E492B587B6B007CB6D9 /* Localizable.xcstrings */; };
		E29E7E4C2B5884CD007CB6D9 /* Vote.swift in Sources */ = {isa = PBXBuildFile; fileRef = E29E7E4B2B5884CD007CB6D9 /* Vote.swift */; };
		E29E7E4E2B588866007CB6D9 /* VotesView.swift in Sources */ = {isa = PBXBuildFile; fileRef = E29E7E4D2B588866007CB6D9 /* VotesView.swift */; };
		E29E7E502B588C0C007CB6D9 /* ElecVotingView.swift in Sources */ = {isa = PBXBuildFile; fileRef = E29E7E4F2B588C0C007CB6D9 /* ElecVotingView.swift */; };
		E2E0F5172B600A870082FF10 /* Settings.bundle in Resources */ = {isa = PBXBuildFile; fileRef = E2E0F5162B600A870082FF10 /* Settings.bundle */; };
		E2F97C812B593D3000C42E2B /* ListVotingView.swift in Sources */ = {isa = PBXBuildFile; fileRef = E2F97C802B593D3000C42E2B /* ListVotingView.swift */; };
/* End PBXBuildFile section */

/* Begin PBXFileReference section */
		E20B975B2B5EDA21005ADF5F /* ClubVote.swift */ = {isa = PBXFileReference; lastKnownFileType = sourcecode.swift; path = ClubVote.swift; sourceTree = "<group>"; };
		E25A20F52B5FBF8600525E63 /* MPView.swift */ = {isa = PBXFileReference; lastKnownFileType = sourcecode.swift; path = MPView.swift; sourceTree = "<group>"; };
		E25A20F72B5FC15C00525E63 /* MP.swift */ = {isa = PBXFileReference; lastKnownFileType = sourcecode.swift; path = MP.swift; sourceTree = "<group>"; };
		E25A20F92B5FCCF500525E63 /* ListItem.swift */ = {isa = PBXFileReference; lastKnownFileType = sourcecode.swift; path = ListItem.swift; sourceTree = "<group>"; };
		E25A20FB2B5FEDB100525E63 /* README.md */ = {isa = PBXFileReference; lastKnownFileType = net.daringfireball.markdown; path = README.md; sourceTree = "<group>"; };
		E25A20FD2B5FF1C900525E63 /* SejmApp.entitlements */ = {isa = PBXFileReference; lastKnownFileType = text.plist.entitlements; path = SejmApp.entitlements; sourceTree = "<group>"; };
		E29E7E282B58668B007CB6D9 /* SejmApp.app */ = {isa = PBXFileReference; explicitFileType = wrapper.application; includeInIndex = 0; path = SejmApp.app; sourceTree = BUILT_PRODUCTS_DIR; };
		E29E7E2B2B58668B007CB6D9 /* SejmAppApp.swift */ = {isa = PBXFileReference; lastKnownFileType = sourcecode.swift; path = SejmAppApp.swift; sourceTree = "<group>"; };
		E29E7E2D2B58668B007CB6D9 /* ContentView.swift */ = {isa = PBXFileReference; lastKnownFileType = sourcecode.swift; path = ContentView.swift; sourceTree = "<group>"; };
		E29E7E2F2B58668C007CB6D9 /* Assets.xcassets */ = {isa = PBXFileReference; lastKnownFileType = folder.assetcatalog; path = Assets.xcassets; sourceTree = "<group>"; };
		E29E7E322B58668C007CB6D9 /* Preview Assets.xcassets */ = {isa = PBXFileReference; lastKnownFileType = folder.assetcatalog; path = "Preview Assets.xcassets"; sourceTree = "<group>"; };
		E29E7E3E2B586814007CB6D9 /* PrintsView.swift */ = {isa = PBXFileReference; lastKnownFileType = sourcecode.swift; path = PrintsView.swift; sourceTree = "<group>"; };
		E29E7E432B586D57007CB6D9 /* Print.swift */ = {isa = PBXFileReference; lastKnownFileType = sourcecode.swift; path = Print.swift; sourceTree = "<group>"; };
		E29E7E472B5877D4007CB6D9 /* CustomPDFView.swift */ = {isa = PBXFileReference; fileEncoding = 4; lastKnownFileType = sourcecode.swift; path = CustomPDFView.swift; sourceTree = "<group>"; };
		E29E7E492B587B6B007CB6D9 /* Localizable.xcstrings */ = {isa = PBXFileReference; lastKnownFileType = text.json.xcstrings; path = Localizable.xcstrings; sourceTree = "<group>"; };
		E29E7E4B2B5884CD007CB6D9 /* Vote.swift */ = {isa = PBXFileReference; lastKnownFileType = sourcecode.swift; path = Vote.swift; sourceTree = "<group>"; };
		E29E7E4D2B588866007CB6D9 /* VotesView.swift */ = {isa = PBXFileReference; lastKnownFileType = sourcecode.swift; path = VotesView.swift; sourceTree = "<group>"; };
		E29E7E4F2B588C0C007CB6D9 /* ElecVotingView.swift */ = {isa = PBXFileReference; lastKnownFileType = sourcecode.swift; path = ElecVotingView.swift; sourceTree = "<group>"; };
		E2E0F5162B600A870082FF10 /* Settings.bundle */ = {isa = PBXFileReference; lastKnownFileType = "wrapper.plug-in"; path = Settings.bundle; sourceTree = "<group>"; };
		E2F97C802B593D3000C42E2B /* ListVotingView.swift */ = {isa = PBXFileReference; lastKnownFileType = sourcecode.swift; path = ListVotingView.swift; sourceTree = "<group>"; };
/* End PBXFileReference section */

/* Begin PBXFrameworksBuildPhase section */
		E29E7E252B58668B007CB6D9 /* Frameworks */ = {
			isa = PBXFrameworksBuildPhase;
			buildActionMask = 2147483647;
			files = (
			);
			runOnlyForDeploymentPostprocessing = 0;
		};
/* End PBXFrameworksBuildPhase section */

/* Begin PBXGroup section */
		E29E7E1F2B58668B007CB6D9 = {
			isa = PBXGroup;
			children = (
				E25A20FB2B5FEDB100525E63 /* README.md */,
				E29E7E2A2B58668B007CB6D9 /* SejmApp */,
				E29E7E292B58668B007CB6D9 /* Products */,
			);
			sourceTree = "<group>";
		};
		E29E7E292B58668B007CB6D9 /* Products */ = {
			isa = PBXGroup;
			children = (
				E29E7E282B58668B007CB6D9 /* SejmApp.app */,
			);
			name = Products;
			sourceTree = "<group>";
		};
		E29E7E2A2B58668B007CB6D9 /* SejmApp */ = {
			isa = PBXGroup;
			children = (
				E25A20FD2B5FF1C900525E63 /* SejmApp.entitlements */,
				E29E7E2B2B58668B007CB6D9 /* SejmAppApp.swift */,
				E29E7E2D2B58668B007CB6D9 /* ContentView.swift */,
				E29E7E4D2B588866007CB6D9 /* VotesView.swift */,
				E29E7E4F2B588C0C007CB6D9 /* ElecVotingView.swift */,
				E2F97C802B593D3000C42E2B /* ListVotingView.swift */,
				E29E7E3E2B586814007CB6D9 /* PrintsView.swift */,
				E25A20F52B5FBF8600525E63 /* MPView.swift */,
				E29E7E432B586D57007CB6D9 /* Print.swift */,
				E29E7E4B2B5884CD007CB6D9 /* Vote.swift */,
				E25A20F72B5FC15C00525E63 /* MP.swift */,
				E25A20F92B5FCCF500525E63 /* ListItem.swift */,
				E20B975B2B5EDA21005ADF5F /* ClubVote.swift */,
				E29E7E472B5877D4007CB6D9 /* CustomPDFView.swift */,
				E29E7E492B587B6B007CB6D9 /* Localizable.xcstrings */,
				E2E0F5162B600A870082FF10 /* Settings.bundle */,
				E29E7E2F2B58668C007CB6D9 /* Assets.xcassets */,
				E29E7E312B58668C007CB6D9 /* Preview Content */,
			);
			path = SejmApp;
			sourceTree = "<group>";
		};
		E29E7E312B58668C007CB6D9 /* Preview Content */ = {
			isa = PBXGroup;
			children = (
				E29E7E322B58668C007CB6D9 /* Preview Assets.xcassets */,
			);
			path = "Preview Content";
			sourceTree = "<group>";
		};
/* End PBXGroup section */

/* Begin PBXNativeTarget section */
		E29E7E272B58668B007CB6D9 /* SejmApp */ = {
			isa = PBXNativeTarget;
			buildConfigurationList = E29E7E362B58668C007CB6D9 /* Build configuration list for PBXNativeTarget "SejmApp" */;
			buildPhases = (
				E29E7E242B58668B007CB6D9 /* Sources */,
				E29E7E252B58668B007CB6D9 /* Frameworks */,
				E29E7E262B58668B007CB6D9 /* Resources */,
			);
			buildRules = (
			);
			dependencies = (
			);
			name = SejmApp;
			packageProductDependencies = (
			);
			productName = SejmApp;
			productReference = E29E7E282B58668B007CB6D9 /* SejmApp.app */;
			productType = "com.apple.product-type.application";
		};
/* End PBXNativeTarget section */

/* Begin PBXProject section */
		E29E7E202B58668B007CB6D9 /* Project object */ = {
			isa = PBXProject;
			attributes = {
				BuildIndependentTargetsInParallel = 1;
				LastSwiftUpdateCheck = 1520;
				LastUpgradeCheck = 1520;
				TargetAttributes = {
					E29E7E272B58668B007CB6D9 = {
						CreatedOnToolsVersion = 15.2;
					};
				};
			};
			buildConfigurationList = E29E7E232B58668B007CB6D9 /* Build configuration list for PBXProject "SejmApp" */;
			compatibilityVersion = "Xcode 14.0";
			developmentRegion = en;
			hasScannedForEncodings = 0;
			knownRegions = (
				en,
				Base,
				pl,
				ru,
			);
			mainGroup = E29E7E1F2B58668B007CB6D9;
			packageReferences = (
			);
			productRefGroup = E29E7E292B58668B007CB6D9 /* Products */;
			projectDirPath = "";
			projectRoot = "";
			targets = (
				E29E7E272B58668B007CB6D9 /* SejmApp */,
			);
		};
/* End PBXProject section */

/* Begin PBXResourcesBuildPhase section */
		E29E7E262B58668B007CB6D9 /* Resources */ = {
			isa = PBXResourcesBuildPhase;
			buildActionMask = 2147483647;
			files = (
				E29E7E332B58668C007CB6D9 /* Preview Assets.xcassets in Resources */,
				E29E7E302B58668C007CB6D9 /* Assets.xcassets in Resources */,
				E2E0F5172B600A870082FF10 /* Settings.bundle in Resources */,
				E25A20FC2B5FEDB100525E63 /* README.md in Resources */,
				E29E7E4A2B587B6B007CB6D9 /* Localizable.xcstrings in Resources */,
			);
			runOnlyForDeploymentPostprocessing = 0;
		};
/* End PBXResourcesBuildPhase section */

/* Begin PBXSourcesBuildPhase section */
		E29E7E242B58668B007CB6D9 /* Sources */ = {
			isa = PBXSourcesBuildPhase;
			buildActionMask = 2147483647;
			files = (
				E29E7E3F2B586814007CB6D9 /* PrintsView.swift in Sources */,
				E20B975C2B5EDA21005ADF5F /* ClubVote.swift in Sources */,
				E29E7E4C2B5884CD007CB6D9 /* Vote.swift in Sources */,
				E25A20F62B5FBF8600525E63 /* MPView.swift in Sources */,
				E29E7E4E2B588866007CB6D9 /* VotesView.swift in Sources */,
				E2F97C812B593D3000C42E2B /* ListVotingView.swift in Sources */,
				E29E7E2E2B58668B007CB6D9 /* ContentView.swift in Sources */,
				E29E7E2C2B58668B007CB6D9 /* SejmAppApp.swift in Sources */,
				E25A20F82B5FC15C00525E63 /* MP.swift in Sources */,
				E29E7E502B588C0C007CB6D9 /* ElecVotingView.swift in Sources */,
				E25A20FA2B5FCCF500525E63 /* ListItem.swift in Sources */,
				E29E7E442B586D57007CB6D9 /* Print.swift in Sources */,
				E29E7E482B5877D4007CB6D9 /* CustomPDFView.swift in Sources */,
			);
			runOnlyForDeploymentPostprocessing = 0;
		};
/* End PBXSourcesBuildPhase section */

/* Begin XCBuildConfiguration section */
		E29E7E342B58668C007CB6D9 /* Debug */ = {
			isa = XCBuildConfiguration;
			buildSettings = {
				ALWAYS_SEARCH_USER_PATHS = NO;
				ASSETCATALOG_COMPILER_GENERATE_SWIFT_ASSET_SYMBOL_EXTENSIONS = YES;
				CLANG_ANALYZER_NONNULL = YES;
				CLANG_ANALYZER_NUMBER_OBJECT_CONVERSION = YES_AGGRESSIVE;
				CLANG_CXX_LANGUAGE_STANDARD = "gnu++20";
				CLANG_ENABLE_MODULES = YES;
				CLANG_ENABLE_OBJC_ARC = YES;
				CLANG_ENABLE_OBJC_WEAK = YES;
				CLANG_WARN_BLOCK_CAPTURE_AUTORELEASING = YES;
				CLANG_WARN_BOOL_CONVERSION = YES;
				CLANG_WARN_COMMA = YES;
				CLANG_WARN_CONSTANT_CONVERSION = YES;
				CLANG_WARN_DEPRECATED_OBJC_IMPLEMENTATIONS = YES;
				CLANG_WARN_DIRECT_OBJC_ISA_USAGE = YES_ERROR;
				CLANG_WARN_DOCUMENTATION_COMMENTS = YES;
				CLANG_WARN_EMPTY_BODY = YES;
				CLANG_WARN_ENUM_CONVERSION = YES;
				CLANG_WARN_INFINITE_RECURSION = YES;
				CLANG_WARN_INT_CONVERSION = YES;
				CLANG_WARN_NON_LITERAL_NULL_CONVERSION = YES;
				CLANG_WARN_OBJC_IMPLICIT_RETAIN_SELF = YES;
				CLANG_WARN_OBJC_LITERAL_CONVERSION = YES;
				CLANG_WARN_OBJC_ROOT_CLASS = YES_ERROR;
				CLANG_WARN_QUOTED_INCLUDE_IN_FRAMEWORK_HEADER = YES;
				CLANG_WARN_RANGE_LOOP_ANALYSIS = YES;
				CLANG_WARN_STRICT_PROTOTYPES = YES;
				CLANG_WARN_SUSPICIOUS_MOVE = YES;
				CLANG_WARN_UNGUARDED_AVAILABILITY = YES_AGGRESSIVE;
				CLANG_WARN_UNREACHABLE_CODE = YES;
				CLANG_WARN__DUPLICATE_METHOD_MATCH = YES;
				COPY_PHASE_STRIP = NO;
				DEBUG_INFORMATION_FORMAT = dwarf;
				ENABLE_STRICT_OBJC_MSGSEND = YES;
				ENABLE_TESTABILITY = YES;
				ENABLE_USER_SCRIPT_SANDBOXING = YES;
				GCC_C_LANGUAGE_STANDARD = gnu17;
				GCC_DYNAMIC_NO_PIC = NO;
				GCC_NO_COMMON_BLOCKS = YES;
				GCC_OPTIMIZATION_LEVEL = 0;
				GCC_PREPROCESSOR_DEFINITIONS = (
					"DEBUG=1",
					"$(inherited)",
				);
				GCC_WARN_64_TO_32_BIT_CONVERSION = YES;
				GCC_WARN_ABOUT_RETURN_TYPE = YES_ERROR;
				GCC_WARN_UNDECLARED_SELECTOR = YES;
				GCC_WARN_UNINITIALIZED_AUTOS = YES_AGGRESSIVE;
				GCC_WARN_UNUSED_FUNCTION = YES;
				GCC_WARN_UNUSED_VARIABLE = YES;
				IPHONEOS_DEPLOYMENT_TARGET = 17.2;
				LOCALIZATION_PREFERS_STRING_CATALOGS = YES;
				MTL_ENABLE_DEBUG_INFO = INCLUDE_SOURCE;
				MTL_FAST_MATH = YES;
				ONLY_ACTIVE_ARCH = YES;
				SDKROOT = iphoneos;
				SWIFT_ACTIVE_COMPILATION_CONDITIONS = "DEBUG $(inherited)";
				SWIFT_OPTIMIZATION_LEVEL = "-Onone";
			};
			name = Debug;
		};
		E29E7E352B58668C007CB6D9 /* Release */ = {
			isa = XCBuildConfiguration;
			buildSettings = {
				ALWAYS_SEARCH_USER_PATHS = NO;
				ASSETCATALOG_COMPILER_GENERATE_SWIFT_ASSET_SYMBOL_EXTENSIONS = YES;
				CLANG_ANALYZER_NONNULL = YES;
				CLANG_ANALYZER_NUMBER_OBJECT_CONVERSION = YES_AGGRESSIVE;
				CLANG_CXX_LANGUAGE_STANDARD = "gnu++20";
				CLANG_ENABLE_MODULES = YES;
				CLANG_ENABLE_OBJC_ARC = YES;
				CLANG_ENABLE_OBJC_WEAK = YES;
				CLANG_WARN_BLOCK_CAPTURE_AUTORELEASING = YES;
				CLANG_WARN_BOOL_CONVERSION = YES;
				CLANG_WARN_COMMA = YES;
				CLANG_WARN_CONSTANT_CONVERSION = YES;
				CLANG_WARN_DEPRECATED_OBJC_IMPLEMENTATIONS = YES;
				CLANG_WARN_DIRECT_OBJC_ISA_USAGE = YES_ERROR;
				CLANG_WARN_DOCUMENTATION_COMMENTS = YES;
				CLANG_WARN_EMPTY_BODY = YES;
				CLANG_WARN_ENUM_CONVERSION = YES;
				CLANG_WARN_INFINITE_RECURSION = YES;
				CLANG_WARN_INT_CONVERSION = YES;
				CLANG_WARN_NON_LITERAL_NULL_CONVERSION = YES;
				CLANG_WARN_OBJC_IMPLICIT_RETAIN_SELF = YES;
				CLANG_WARN_OBJC_LITERAL_CONVERSION = YES;
				CLANG_WARN_OBJC_ROOT_CLASS = YES_ERROR;
				CLANG_WARN_QUOTED_INCLUDE_IN_FRAMEWORK_HEADER = YES;
				CLANG_WARN_RANGE_LOOP_ANALYSIS = YES;
				CLANG_WARN_STRICT_PROTOTYPES = YES;
				CLANG_WARN_SUSPICIOUS_MOVE = YES;
				CLANG_WARN_UNGUARDED_AVAILABILITY = YES_AGGRESSIVE;
				CLANG_WARN_UNREACHABLE_CODE = YES;
				CLANG_WARN__DUPLICATE_METHOD_MATCH = YES;
				COPY_PHASE_STRIP = NO;
				DEBUG_INFORMATION_FORMAT = "dwarf-with-dsym";
				ENABLE_NS_ASSERTIONS = NO;
				ENABLE_STRICT_OBJC_MSGSEND = YES;
				ENABLE_USER_SCRIPT_SANDBOXING = YES;
				GCC_C_LANGUAGE_STANDARD = gnu17;
				GCC_NO_COMMON_BLOCKS = YES;
				GCC_WARN_64_TO_32_BIT_CONVERSION = YES;
				GCC_WARN_ABOUT_RETURN_TYPE = YES_ERROR;
				GCC_WARN_UNDECLARED_SELECTOR = YES;
				GCC_WARN_UNINITIALIZED_AUTOS = YES_AGGRESSIVE;
				GCC_WARN_UNUSED_FUNCTION = YES;
				GCC_WARN_UNUSED_VARIABLE = YES;
				IPHONEOS_DEPLOYMENT_TARGET = 17.2;
				LOCALIZATION_PREFERS_STRING_CATALOGS = YES;
				MTL_ENABLE_DEBUG_INFO = NO;
				MTL_FAST_MATH = YES;
				SDKROOT = iphoneos;
				SWIFT_COMPILATION_MODE = wholemodule;
				VALIDATE_PRODUCT = YES;
			};
			name = Release;
		};
		E29E7E372B58668C007CB6D9 /* Debug */ = {
			isa = XCBuildConfiguration;
			buildSettings = {
				ASSETCATALOG_COMPILER_APPICON_NAME = AppIcon;
				ASSETCATALOG_COMPILER_GLOBAL_ACCENT_COLOR_NAME = AccentColor;
				ASSETCATALOG_COMPILER_INCLUDE_ALL_APPICON_ASSETS = YES;
				CODE_SIGN_ENTITLEMENTS = SejmApp/SejmApp.entitlements;
				CODE_SIGN_STYLE = Automatic;
				CURRENT_PROJECT_VERSION = 1;
				DEVELOPMENT_ASSET_PATHS = "\"SejmApp/Preview Content\"";
				DEVELOPMENT_TEAM = 48KVXB55T9;
				ENABLE_PREVIEWS = YES;
				GENERATE_INFOPLIST_FILE = YES;
				INFOPLIST_KEY_CFBundleDisplayName = SejmApka;
				INFOPLIST_KEY_LSApplicationCategoryType = "public.app-category.news";
				INFOPLIST_KEY_UIApplicationSceneManifest_Generation = YES;
				INFOPLIST_KEY_UIApplicationSupportsIndirectInputEvents = YES;
				INFOPLIST_KEY_UILaunchScreen_Generation = YES;
				INFOPLIST_KEY_UISupportedInterfaceOrientations_iPad = "UIInterfaceOrientationPortrait UIInterfaceOrientationPortraitUpsideDown UIInterfaceOrientationLandscapeLeft UIInterfaceOrientationLandscapeRight";
				INFOPLIST_KEY_UISupportedInterfaceOrientations_iPhone = "UIInterfaceOrientationPortrait UIInterfaceOrientationLandscapeLeft UIInterfaceOrientationLandscapeRight";
				IPHONEOS_DEPLOYMENT_TARGET = 16.0;
				LD_RUNPATH_SEARCH_PATHS = (
					"$(inherited)",
					"@executable_path/Frameworks",
				);
				MARKETING_VERSION = 1.1.1;
				PRODUCT_BUNDLE_IDENTIFIER = net.packowski.SejmApp;
				PRODUCT_NAME = "$(TARGET_NAME)";
				SUPPORTED_PLATFORMS = "iphoneos iphonesimulator";
				SUPPORTS_MACCATALYST = YES;
				SUPPORTS_MAC_DESIGNED_FOR_IPHONE_IPAD = NO;
				SUPPORTS_XR_DESIGNED_FOR_IPHONE_IPAD = NO;
				SWIFT_EMIT_LOC_STRINGS = YES;
				SWIFT_VERSION = 5.0;
				TARGETED_DEVICE_FAMILY = "1,2,6";
			};
			name = Debug;
		};
		E29E7E382B58668C007CB6D9 /* Release */ = {
			isa = XCBuildConfiguration;
			buildSettings = {
				ASSETCATALOG_COMPILER_APPICON_NAME = AppIcon;
				ASSETCATALOG_COMPILER_GLOBAL_ACCENT_COLOR_NAME = AccentColor;
				ASSETCATALOG_COMPILER_INCLUDE_ALL_APPICON_ASSETS = YES;
				CODE_SIGN_ENTITLEMENTS = SejmApp/SejmApp.entitlements;
				CODE_SIGN_STYLE = Automatic;
				CURRENT_PROJECT_VERSION = 1;
				DEVELOPMENT_ASSET_PATHS = "\"SejmApp/Preview Content\"";
				DEVELOPMENT_TEAM = 48KVXB55T9;
				ENABLE_PREVIEWS = YES;
				GENERATE_INFOPLIST_FILE = YES;
				INFOPLIST_KEY_CFBundleDisplayName = SejmApka;
				INFOPLIST_KEY_LSApplicationCategoryType = "public.app-category.news";
				INFOPLIST_KEY_UIApplicationSceneManifest_Generation = YES;
				INFOPLIST_KEY_UIApplicationSupportsIndirectInputEvents = YES;
				INFOPLIST_KEY_UILaunchScreen_Generation = YES;
				INFOPLIST_KEY_UISupportedInterfaceOrientations_iPad = "UIInterfaceOrientationPortrait UIInterfaceOrientationPortraitUpsideDown UIInterfaceOrientationLandscapeLeft UIInterfaceOrientationLandscapeRight";
				INFOPLIST_KEY_UISupportedInterfaceOrientations_iPhone = "UIInterfaceOrientationPortrait UIInterfaceOrientationLandscapeLeft UIInterfaceOrientationLandscapeRight";
				IPHONEOS_DEPLOYMENT_TARGET = 16.0;
				LD_RUNPATH_SEARCH_PATHS = (
					"$(inherited)",
					"@executable_path/Frameworks",
				);
				MARKETING_VERSION = 1.1.1;
				PRODUCT_BUNDLE_IDENTIFIER = net.packowski.SejmApp;
				PRODUCT_NAME = "$(TARGET_NAME)";
				SUPPORTED_PLATFORMS = "iphoneos iphonesimulator";
				SUPPORTS_MACCATALYST = YES;
				SUPPORTS_MAC_DESIGNED_FOR_IPHONE_IPAD = NO;
				SUPPORTS_XR_DESIGNED_FOR_IPHONE_IPAD = NO;
				SWIFT_EMIT_LOC_STRINGS = YES;
				SWIFT_VERSION = 5.0;
				TARGETED_DEVICE_FAMILY = "1,2,6";
			};
			name = Release;
		};
/* End XCBuildConfiguration section */

/* Begin XCConfigurationList section */
		E29E7E232B58668B007CB6D9 /* Build configuration list for PBXProject "SejmApp" */ = {
			isa = XCConfigurationList;
			buildConfigurations = (
				E29E7E342B58668C007CB6D9 /* Debug */,
				E29E7E352B58668C007CB6D9 /* Release */,
			);
			defaultConfigurationIsVisible = 0;
			defaultConfigurationName = Release;
		};
		E29E7E362B58668C007CB6D9 /* Build configuration list for PBXNativeTarget "SejmApp" */ = {
			isa = XCConfigurationList;
			buildConfigurations = (
				E29E7E372B58668C007CB6D9 /* Debug */,
				E29E7E382B58668C007CB6D9 /* Release */,
			);
			defaultConfigurationIsVisible = 0;
			defaultConfigurationName = Release;
		};
/* End XCConfigurationList section */
	};
	rootObject = E29E7E202B58668B007CB6D9 /* Project object */;
}
